github.com/blynn/nex v0.0.0-20210330102341-1a3320dab988 h1:n52kgfiPyHIfpQxmzlN7twzaKtQy1sgW7RrYhIPxdIk=
github.com/blynn/nex v0.0.0-20210330102341-1a3320dab988/go.mod h1:FYQGyGHZWt/nYpr26buSZp4+WR8dN3LB800EGQ1VAz4=
github.com/remyoudompheng/bigfft v0.0.0-20200410134404-eec4a21b6bb0/go.mod h1:qqbHyh8v60DhA7CoWK5oRCqLrMHRGoxYCSS9EjAz6Eo=
golang.org/x/exp v0.0.0-20181106170214-d68db9428509 h1:k21GX33vzpH/syMF7TgrLxe8ILtvwbyuHtEO3ebR82E=
golang.org/x/exp v0.0.0-20181106170214-d68db9428509/go.mod h1:CJ0aWSM057203Lf6IL+f9T1iT9GByDxfZKAQTCR3kQA=
golang.org/x/tools v0.9.3 h1:Gn1I8+64MsuTb/HpH+LmQtNas23LhUVr3rYZ0eKuaMM=
golang.org/x/tools v0.9.3/go.mod h1:owI94Op576fPu3cIGQeHs3joujW/2Oc6MtlxbF5dfNc=
modernc.org/fileutil v1.1.2 h1:Gcd7C/E4gI3fq/qV3YiwFIhDq1LPIWFwkD+BijLByzw=
modernc.org/fileutil v1.1.2/go.mod h1:HdjlliqRHrMAI4nVOvvpYVzVgvRSK7WnoCiG0GUWJNo=
modernc.org/golex v1.0.5 h1:M+4kIjbDMvKN4pAuh5gJBOfG7Emi9WXGpg2Eay1dlGI=
modernc.org/golex v1.0.5/go.mod h1:pTY7KKjdvZbv2ROjfp6FFX5BXMM9QWZEnmCsl60aCfI=
modernc.org/lex v1.1.1 h1:prSCNTLw1R4rn7M/RzwsuMtAuOytfyR3cnyM07P+Pas=
modernc.org/lex v1.1.1/go.mod h1:6r8o8DLJkAnOsQaGi8fMoi+Vt6LTbDaCrkUK729D8xM=
modernc.org/lexer v1.0.4 h1:hU7xVbZsqwPphyzChc7nMSGrsuaD2PDNOmzrzkS5AlE=
modernc.org/lexer v1.0.4/go.mod h1:tOajb8S4sdfOYitzCgXDFmbVJ/LE0v1fNJ7annTw36U=
modernc.org/mathutil v1.5.0/go.mod h1:mZW8CKdRPY1v87qxC/wUdX5O1qDzXMP5TH3wjfpga6E=
